
Microsoft Visual Studio Solution File, Format Version 12.00
# Visual Studio Version 17
VisualStudioVersion = 17.3.32714.290
MinimumVisualStudioVersion = 10.0.40219.1
Project("{9A19103F-16F7-4668-BE54-9A1E7A4F7556}") = "Devotee.Core", "Devotee.Core\Devotee.Core.csproj", "{EEF8CC6D-D7A3-4A60-9487-E5708F71E602}"
EndProject
Project("{9A19103F-16F7-4668-BE54-9A1E7A4F7556}") = "Devotee.Provider.JMana", "Devotee.Provider.JMana\Devotee.Provider.JMana.csproj", "{31B80F6A-1C92-4766-BE9E-615543309CF3}"
EndProject
Project("{9A19103F-16F7-4668-BE54-9A1E7A4F7556}") = "Devotee.Test", "Devotee.Test\Devotee.Test.csproj", "{D9F9B4B6-031E-4234-B48D-17A9F617F744}"
EndProject
Project("{9A19103F-16F7-4668-BE54-9A1E7A4F7556}") = "Devotee.UI.Console", "Devotee.UI.Console\Devotee.UI.Console.csproj", "{E77B2400-5DFB-47AE-9180-C29FC8ECC70A}"
EndProject
Project("{9A19103F-16F7-4668-BE54-9A1E7A4F7556}") = "Devotee.Helper", "Devotee.Helper\Devotee.Helper.csproj", "{AD6857B6-193A-4A08-BF3E-B634BD377BD3}"
EndProject
Project("{9A19103F-16F7-4668-BE54-9A1E7A4F7556}") = "Devotee.Helper.Generator", "Devotee.Helper.Generator\Devotee.Helper.Generator.csproj", "{B24CD1B2-728F-46C9-AE37-87AEF3604C90}"
EndProject
Project("{FAE04EC0-301F-11D3-BF4B-00C04F79EFBC}") = "Devotee.UI.UWP", "Devotee.UI.UWP\Devotee.UI.UWP.csproj", "{53DDF1AA-71F3-4CAB-89A7-A11A7E688CF6}"
EndProject
Global
	GlobalSection(SolutionConfigurationPlatforms) = preSolution
		Debug|Any CPU = Debug|Any CPU
		Debug|ARM = Debug|ARM
		Debug|arm64 = Debug|arm64
		Debug|x64 = Debug|x64
		Debug|x86 = Debug|x86
		Release|Any CPU = Release|Any CPU
		Release|ARM = Release|ARM
		Release|arm64 = Release|arm64
		Release|x64 = Release|x64
		Release|x86 = Release|x86
	EndGlobalSection
	GlobalSection(ProjectConfigurationPlatforms) = postSolution
		{EEF8CC6D-D7A3-4A60-9487-E5708F71E602}.Debug|Any CPU.ActiveCfg = Debug|Any CPU
		{EEF8CC6D-D7A3-4A60-9487-E5708F71E602}.Debug|Any CPU.Build.0 = Debug|Any CPU
		{EEF8CC6D-D7A3-4A60-9487-E5708F71E602}.Debug|ARM.ActiveCfg = Debug|Any CPU
		{EEF8CC6D-D7A3-4A60-9487-E5708F71E602}.Debug|ARM.Build.0 = Debug|Any CPU
		{EEF8CC6D-D7A3-4A60-9487-E5708F71E602}.Debug|arm64.ActiveCfg = Debug|Any CPU
		{EEF8CC6D-D7A3-4A60-9487-E5708F71E602}.Debug|arm64.Build.0 = Debug|Any CPU
		{EEF8CC6D-D7A3-4A60-9487-E5708F71E602}.Debug|x64.ActiveCfg = Debug|Any CPU
		{EEF8CC6D-D7A3-4A60-9487-E5708F71E602}.Debug|x64.Build.0 = Debug|Any CPU
		{EEF8CC6D-D7A3-4A60-9487-E5708F71E602}.Debug|x86.ActiveCfg = Debug|Any CPU
		{EEF8CC6D-D7A3-4A60-9487-E5708F71E602}.Debug|x86.Build.0 = Debug|Any CPU
		{EEF8CC6D-D7A3-4A60-9487-E5708F71E602}.Release|Any CPU.ActiveCfg = Release|Any CPU
		{EEF8CC6D-D7A3-4A60-9487-E5708F71E602}.Release|Any CPU.Build.0 = Release|Any CPU
		{EEF8CC6D-D7A3-4A60-9487-E5708F71E602}.Release|ARM.ActiveCfg = Release|Any CPU
		{EEF8CC6D-D7A3-4A60-9487-E5708F71E602}.Release|ARM.Build.0 = Release|Any CPU
		{EEF8CC6D-D7A3-4A60-9487-E5708F71E602}.Release|arm64.ActiveCfg = Release|Any CPU
		{EEF8CC6D-D7A3-4A60-9487-E5708F71E602}.Release|arm64.Build.0 = Release|Any CPU
		{EEF8CC6D-D7A3-4A60-9487-E5708F71E602}.Release|x64.ActiveCfg = Release|Any CPU
		{EEF8CC6D-D7A3-4A60-9487-E5708F71E602}.Release|x64.Build.0 = Release|Any CPU
		{EEF8CC6D-D7A3-4A60-9487-E5708F71E602}.Release|x86.ActiveCfg = Release|Any CPU
		{EEF8CC6D-D7A3-4A60-9487-E5708F71E602}.Release|x86.Build.0 = Release|Any CPU
		{31B80F6A-1C92-4766-BE9E-615543309CF3}.Debug|Any CPU.ActiveCfg = Debug|Any CPU
		{31B80F6A-1C92-4766-BE9E-615543309CF3}.Debug|Any CPU.Build.0 = Debug|Any CPU
		{31B80F6A-1C92-4766-BE9E-615543309CF3}.Debug|ARM.ActiveCfg = Debug|Any CPU
		{31B80F6A-1C92-4766-BE9E-615543309CF3}.Debug|ARM.Build.0 = Debug|Any CPU
		{31B80F6A-1C92-4766-BE9E-615543309CF3}.Debug|arm64.ActiveCfg = Debug|Any CPU
		{31B80F6A-1C92-4766-BE9E-615543309CF3}.Debug|arm64.Build.0 = Debug|Any CPU
		{31B80F6A-1C92-4766-BE9E-615543309CF3}.Debug|x64.ActiveCfg = Debug|Any CPU
		{31B80F6A-1C92-4766-BE9E-615543309CF3}.Debug|x64.Build.0 = Debug|Any CPU
		{31B80F6A-1C92-4766-BE9E-615543309CF3}.Debug|x86.ActiveCfg = Debug|Any CPU
		{31B80F6A-1C92-4766-BE9E-615543309CF3}.Debug|x86.Build.0 = Debug|Any CPU
		{31B80F6A-1C92-4766-BE9E-615543309CF3}.Release|Any CPU.ActiveCfg = Release|Any CPU
		{31B80F6A-1C92-4766-BE9E-615543309CF3}.Release|Any CPU.Build.0 = Release|Any CPU
		{31B80F6A-1C92-4766-BE9E-615543309CF3}.Release|ARM.ActiveCfg = Release|Any CPU
		{31B80F6A-1C92-4766-BE9E-615543309CF3}.Release|ARM.Build.0 = Release|Any CPU
		{31B80F6A-1C92-4766-BE9E-615543309CF3}.Release|arm64.ActiveCfg = Release|Any CPU
		{31B80F6A-1C92-4766-BE9E-615543309CF3}.Release|arm64.Build.0 = Release|Any CPU
		{31B80F6A-1C92-4766-BE9E-615543309CF3}.Release|x64.ActiveCfg = Release|Any CPU
		{31B80F6A-1C92-4766-BE9E-615543309CF3}.Release|x64.Build.0 = Release|Any CPU
		{31B80F6A-1C92-4766-BE9E-615543309CF3}.Release|x86.ActiveCfg = Release|Any CPU
		{31B80F6A-1C92-4766-BE9E-615543309CF3}.Release|x86.Build.0 = Release|Any CPU
		{D9F9B4B6-031E-4234-B48D-17A9F617F744}.Debug|Any CPU.ActiveCfg = Debug|Any CPU
		{D9F9B4B6-031E-4234-B48D-17A9F617F744}.Debug|Any CPU.Build.0 = Debug|Any CPU
		{D9F9B4B6-031E-4234-B48D-17A9F617F744}.Debug|ARM.ActiveCfg = Debug|Any CPU
		{D9F9B4B6-031E-4234-B48D-17A9F617F744}.Debug|ARM.Build.0 = Debug|Any CPU
		{D9F9B4B6-031E-4234-B48D-17A9F617F744}.Debug|arm64.ActiveCfg = Debug|Any CPU
		{D9F9B4B6-031E-4234-B48D-17A9F617F744}.Debug|arm64.Build.0 = Debug|Any CPU
		{D9F9B4B6-031E-4234-B48D-17A9F617F744}.Debug|x64.ActiveCfg = Debug|Any CPU
		{D9F9B4B6-031E-4234-B48D-17A9F617F744}.Debug|x64.Build.0 = Debug|Any CPU
		{D9F9B4B6-031E-4234-B48D-17A9F617F744}.Debug|x86.ActiveCfg = Debug|Any CPU
		{D9F9B4B6-031E-4234-B48D-17A9F617F744}.Debug|x86.Build.0 = Debug|Any CPU
		{D9F9B4B6-031E-4234-B48D-17A9F617F744}.Release|Any CPU.ActiveCfg = Release|Any CPU
		{D9F9B4B6-031E-4234-B48D-17A9F617F744}.Release|Any CPU.Build.0 = Release|Any CPU
		{D9F9B4B6-031E-4234-B48D-17A9F617F744}.Release|ARM.ActiveCfg = Release|Any CPU
		{D9F9B4B6-031E-4234-B48D-17A9F617F744}.Release|ARM.Build.0 = Release|Any CPU
		{D9F9B4B6-031E-4234-B48D-17A9F617F744}.Release|arm64.ActiveCfg = Release|Any CPU
		{D9F9B4B6-031E-4234-B48D-17A9F617F744}.Release|arm64.Build.0 = Release|Any CPU
		{D9F9B4B6-031E-4234-B48D-17A9F617F744}.Release|x64.ActiveCfg = Release|Any CPU
		{D9F9B4B6-031E-4234-B48D-17A9F617F744}.Release|x64.Build.0 = Release|Any CPU
		{D9F9B4B6-031E-4234-B48D-17A9F617F744}.Release|x86.ActiveCfg = Release|Any CPU
		{D9F9B4B6-031E-4234-B48D-17A9F617F744}.Release|x86.Build.0 = Release|Any CPU
		{E77B2400-5DFB-47AE-9180-C29FC8ECC70A}.Debug|Any CPU.ActiveCfg = Debug|Any CPU
		{E77B2400-5DFB-47AE-9180-C29FC8ECC70A}.Debug|Any CPU.Build.0 = Debug|Any CPU
		{E77B2400-5DFB-47AE-9180-C29FC8ECC70A}.Debug|ARM.ActiveCfg = Debug|Any CPU
		{E77B2400-5DFB-47AE-9180-C29FC8ECC70A}.Debug|ARM.Build.0 = Debug|Any CPU
		{E77B2400-5DFB-47AE-9180-C29FC8ECC70A}.Debug|arm64.ActiveCfg = Debug|Any CPU
		{E77B2400-5DFB-47AE-9180-C29FC8ECC70A}.Debug|arm64.Build.0 = Debug|Any CPU
		{E77B2400-5DFB-47AE-9180-C29FC8ECC70A}.Debug|x64.ActiveCfg = Debug|Any CPU
		{E77B2400-5DFB-47AE-9180-C29FC8ECC70A}.Debug|x64.Build.0 = Debug|Any CPU
		{E77B2400-5DFB-47AE-9180-C29FC8ECC70A}.Debug|x86.ActiveCfg = Debug|Any CPU
		{E77B2400-5DFB-47AE-9180-C29FC8ECC70A}.Debug|x86.Build.0 = Debug|Any CPU
		{E77B2400-5DFB-47AE-9180-C29FC8ECC70A}.Release|Any CPU.ActiveCfg = Release|Any CPU
		{E77B2400-5DFB-47AE-9180-C29FC8ECC70A}.Release|Any CPU.Build.0 = Release|Any CPU
		{E77B2400-5DFB-47AE-9180-C29FC8ECC70A}.Release|ARM.ActiveCfg = Release|Any CPU
		{E77B2400-5DFB-47AE-9180-C29FC8ECC70A}.Release|ARM.Build.0 = Release|Any CPU
		{E77B2400-5DFB-47AE-9180-C29FC8ECC70A}.Release|arm64.ActiveCfg = Release|Any CPU
		{E77B2400-5DFB-47AE-9180-C29FC8ECC70A}.Release|arm64.Build.0 = Release|Any CPU
		{E77B2400-5DFB-47AE-9180-C29FC8ECC70A}.Release|x64.ActiveCfg = Release|Any CPU
		{E77B2400-5DFB-47AE-9180-C29FC8ECC70A}.Release|x64.Build.0 = Release|Any CPU
		{E77B2400-5DFB-47AE-9180-C29FC8ECC70A}.Release|x86.ActiveCfg = Release|Any CPU
		{E77B2400-5DFB-47AE-9180-C29FC8ECC70A}.Release|x86.Build.0 = Release|Any CPU
		{AD6857B6-193A-4A08-BF3E-B634BD377BD3}.Debug|Any CPU.ActiveCfg = Debug|Any CPU
		{AD6857B6-193A-4A08-BF3E-B634BD377BD3}.Debug|Any CPU.Build.0 = Debug|Any CPU
		{AD6857B6-193A-4A08-BF3E-B634BD377BD3}.Debug|ARM.ActiveCfg = Debug|Any CPU
		{AD6857B6-193A-4A08-BF3E-B634BD377BD3}.Debug|ARM.Build.0 = Debug|Any CPU
		{AD6857B6-193A-4A08-BF3E-B634BD377BD3}.Debug|arm64.ActiveCfg = Debug|Any CPU
		{AD6857B6-193A-4A08-BF3E-B634BD377BD3}.Debug|arm64.Build.0 = Debug|Any CPU
		{AD6857B6-193A-4A08-BF3E-B634BD377BD3}.Debug|x64.ActiveCfg = Debug|Any CPU
		{AD6857B6-193A-4A08-BF3E-B634BD377BD3}.Debug|x64.Build.0 = Debug|Any CPU
		{AD6857B6-193A-4A08-BF3E-B634BD377BD3}.Debug|x86.ActiveCfg = Debug|Any CPU
		{AD6857B6-193A-4A08-BF3E-B634BD377BD3}.Debug|x86.Build.0 = Debug|Any CPU
		{AD6857B6-193A-4A08-BF3E-B634BD377BD3}.Release|Any CPU.ActiveCfg = Release|Any CPU
		{AD6857B6-193A-4A08-BF3E-B634BD377BD3}.Release|Any CPU.Build.0 = Release|Any CPU
		{AD6857B6-193A-4A08-BF3E-B634BD377BD3}.Release|ARM.ActiveCfg = Release|Any CPU
		{AD6857B6-193A-4A08-BF3E-B634BD377BD3}.Release|ARM.Build.0 = Release|Any CPU
		{AD6857B6-193A-4A08-BF3E-B634BD377BD3}.Release|arm64.ActiveCfg = Release|Any CPU
		{AD6857B6-193A-4A08-BF3E-B634BD377BD3}.Release|arm64.Build.0 = Release|Any CPU
		{AD6857B6-193A-4A08-BF3E-B634BD377BD3}.Release|x64.ActiveCfg = Release|Any CPU
		{AD6857B6-193A-4A08-BF3E-B634BD377BD3}.Release|x64.Build.0 = Release|Any CPU
		{AD6857B6-193A-4A08-BF3E-B634BD377BD3}.Release|x86.ActiveCfg = Release|Any CPU
		{AD6857B6-193A-4A08-BF3E-B634BD377BD3}.Release|x86.Build.0 = Release|Any CPU
		{B24CD1B2-728F-46C9-AE37-87AEF3604C90}.Debug|Any CPU.ActiveCfg = Debug|Any CPU
		{B24CD1B2-728F-46C9-AE37-87AEF3604C90}.Debug|Any CPU.Build.0 = Debug|Any CPU
		{B24CD1B2-728F-46C9-AE37-87AEF3604C90}.Debug|ARM.ActiveCfg = Debug|Any CPU
		{B24CD1B2-728F-46C9-AE37-87AEF3604C90}.Debug|ARM.Build.0 = Debug|Any CPU
		{B24CD1B2-728F-46C9-AE37-87AEF3604C90}.Debug|arm64.ActiveCfg = Debug|Any CPU
		{B24CD1B2-728F-46C9-AE37-87AEF3604C90}.Debug|arm64.Build.0 = Debug|Any CPU
		{B24CD1B2-728F-46C9-AE37-87AEF3604C90}.Debug|x64.ActiveCfg = Debug|Any CPU
		{B24CD1B2-728F-46C9-AE37-87AEF3604C90}.Debug|x64.Build.0 = Debug|Any CPU
		{B24CD1B2-728F-46C9-AE37-87AEF3604C90}.Debug|x86.ActiveCfg = Debug|Any CPU
		{B24CD1B2-728F-46C9-AE37-87AEF3604C90}.Debug|x86.Build.0 = Debug|Any CPU
		{B24CD1B2-728F-46C9-AE37-87AEF3604C90}.Release|Any CPU.ActiveCfg = Release|Any CPU
		{B24CD1B2-728F-46C9-AE37-87AEF3604C90}.Release|Any CPU.Build.0 = Release|Any CPU
		{B24CD1B2-728F-46C9-AE37-87AEF3604C90}.Release|ARM.ActiveCfg = Release|Any CPU
		{B24CD1B2-728F-46C9-AE37-87AEF3604C90}.Release|ARM.Build.0 = Release|Any CPU
		{B24CD1B2-728F-46C9-AE37-87AEF3604C90}.Release|arm64.ActiveCfg = Release|Any CPU
		{B24CD1B2-728F-46C9-AE37-87AEF3604C90}.Release|arm64.Build.0 = Release|Any CPU
		{B24CD1B2-728F-46C9-AE37-87AEF3604C90}.Release|x64.ActiveCfg = Release|Any CPU
		{B24CD1B2-728F-46C9-AE37-87AEF3604C90}.Release|x64.Build.0 = Release|Any CPU
		{B24CD1B2-728F-46C9-AE37-87AEF3604C90}.Release|x86.ActiveCfg = Release|Any CPU
		{B24CD1B2-728F-46C9-AE37-87AEF3604C90}.Release|x86.Build.0 = Release|Any CPU
		{53DDF1AA-71F3-4CAB-89A7-A11A7E688CF6}.Debug|Any CPU.ActiveCfg = Debug|x86
		{53DDF1AA-71F3-4CAB-89A7-A11A7E688CF6}.Debug|Any CPU.Build.0 = Debug|x86
		{53DDF1AA-71F3-4CAB-89A7-A11A7E688CF6}.Debug|Any CPU.Deploy.0 = Debug|x86
		{53DDF1AA-71F3-4CAB-89A7-A11A7E688CF6}.Debug|ARM.ActiveCfg = Debug|ARM
		{53DDF1AA-71F3-4CAB-89A7-A11A7E688CF6}.Debug|ARM.Build.0 = Debug|ARM
		{53DDF1AA-71F3-4CAB-89A7-A11A7E688CF6}.Debug|ARM.Deploy.0 = Debug|ARM
		{53DDF1AA-71F3-4CAB-89A7-A11A7E688CF6}.Debug|arm64.ActiveCfg = Debug|x86
		{53DDF1AA-71F3-4CAB-89A7-A11A7E688CF6}.Debug|arm64.Build.0 = Debug|x86
		{53DDF1AA-71F3-4CAB-89A7-A11A7E688CF6}.Debug|arm64.Deploy.0 = Debug|x86
		{53DDF1AA-71F3-4CAB-89A7-A11A7E688CF6}.Debug|x64.ActiveCfg = Debug|x64
		{53DDF1AA-71F3-4CAB-89A7-A11A7E688CF6}.Debug|x64.Build.0 = Debug|x64
		{53DDF1AA-71F3-4CAB-89A7-A11A7E688CF6}.Debug|x64.Deploy.0 = Debug|x64
		{53DDF1AA-71F3-4CAB-89A7-A11A7E688CF6}.Debug|x86.ActiveCfg = Debug|x86
		{53DDF1AA-71F3-4CAB-89A7-A11A7E688CF6}.Debug|x86.Build.0 = Debug|x86
		{53DDF1AA-71F3-4CAB-89A7-A11A7E688CF6}.Debug|x86.Deploy.0 = Debug|x86
		{53DDF1AA-71F3-4CAB-89A7-A11A7E688CF6}.Release|Any CPU.ActiveCfg = Release|x86
		{53DDF1AA-71F3-4CAB-89A7-A11A7E688CF6}.Release|Any CPU.Build.0 = Release|x86
		{53DDF1AA-71F3-4CAB-89A7-A11A7E688CF6}.Release|Any CPU.Deploy.0 = Release|x86
		{53DDF1AA-71F3-4CAB-89A7-A11A7E688CF6}.Release|ARM.ActiveCfg = Release|ARM
		{53DDF1AA-71F3-4CAB-89A7-A11A7E688CF6}.Release|ARM.Build.0 = Release|ARM
		{53DDF1AA-71F3-4CAB-89A7-A11A7E688CF6}.Release|ARM.Deploy.0 = Release|ARM
		{53DDF1AA-71F3-4CAB-89A7-A11A7E688CF6}.Release|arm64.ActiveCfg = Release|x86
		{53DDF1AA-71F3-4CAB-89A7-A11A7E688CF6}.Release|arm64.Build.0 = Release|x86
		{53DDF1AA-71F3-4CAB-89A7-A11A7E688CF6}.Release|arm64.Deploy.0 = Release|x86
		{53DDF1AA-71F3-4CAB-89A7-A11A7E688CF6}.Release|x64.ActiveCfg = Release|x64
		{53DDF1AA-71F3-4CAB-89A7-A11A7E688CF6}.Release|x64.Build.0 = Release|x64
		{53DDF1AA-71F3-4CAB-89A7-A11A7E688CF6}.Release|x64.Deploy.0 = Release|x64
		{53DDF1AA-71F3-4CAB-89A7-A11A7E688CF6}.Release|x86.ActiveCfg = Release|x86
		{53DDF1AA-71F3-4CAB-89A7-A11A7E688CF6}.Release|x86.Build.0 = Release|x86
		{53DDF1AA-71F3-4CAB-89A7-A11A7E688CF6}.Release|x86.Deploy.0 = Release|x86
	EndGlobalSection
	GlobalSection(SolutionProperties) = preSolution
		HideSolutionNode = FALSE
	EndGlobalSection
	GlobalSection(ExtensibilityGlobals) = postSolution
		SolutionGuid = {92B1EA31-0E5B-4A07-B342-DBB322647672}
	EndGlobalSection
EndGlobal
